
Microsoft Visual Studio Solution File, Format Version 12.00
# Visual Studio 2012
Project("{159641D6-6404-4A2A-AE62-294DE0FE8301}") = "CfA-Leads", "CfA-Leads\CfA-Leads.dtproj", "{079F8827-C832-4AC0-B579-C58D4B312E05}"
EndProject
Global
	GlobalSection(SolutionConfigurationPlatforms) = preSolution
		Development|Default = Development|Default
	EndGlobalSection
	GlobalSection(ProjectConfigurationPlatforms) = postSolution
		{079F8827-C832-4AC0-B579-C58D4B312E05}.Development|Default.ActiveCfg = Development
		{079F8827-C832-4AC0-B579-C58D4B312E05}.Development|Default.Build.0 = Development
	EndGlobalSection
	GlobalSection(SolutionProperties) = preSolution
		HideSolutionNode = FALSE
	EndGlobalSection
EndGlobal
